
Microsoft Visual Studio Solution File, Format Version 12.00
# Visual Studio 15
VisualStudioVersion = 15.0.27703.2035
MinimumVisualStudioVersion = 10.0.40219.1
Project("{8BC9CEB8-8B4A-11D0-8D11-00A0C91BC942}") = "TechShop", "TechShop\TechShop.vcxproj", "{FBB9FC8F-2C58-412D-9537-BE3084DE2A57}"
EndProject
Global
	GlobalSection(SolutionConfigurationPlatforms) = preSolution
		Debug|x64 = Debug|x64
		Debug|x86 = Debug|x86
		Release|x64 = Release|x64
		Release|x86 = Release|x86
	EndGlobalSection
	GlobalSection(ProjectConfigurationPlatforms) = postSolution
		{FBB9FC8F-2C58-412D-9537-BE3084DE2A57}.Debug|x64.ActiveCfg = Debug|x64
		{FBB9FC8F-2C58-412D-9537-BE3084DE2A57}.Debug|x64.Build.0 = Debug|x64
		{FBB9FC8F-2C58-412D-9537-BE3084DE2A57}.Debug|x86.ActiveCfg = Debug|Win32
		{FBB9FC8F-2C58-412D-9537-BE3084DE2A57}.Debug|x86.Build.0 = Debug|Win32
		{FBB9FC8F-2C58-412D-9537-BE3084DE2A57}.Release|x64.ActiveCfg = Release|x64
		{FBB9FC8F-2C58-412D-9537-BE3084DE2A57}.Release|x64.Build.0 = Release|x64
		{FBB9FC8F-2C58-412D-9537-BE3084DE2A57}.Release|x86.ActiveCfg = Release|Win32
		{FBB9FC8F-2C58-412D-9537-BE3084DE2A57}.Release|x86.Build.0 = Release|Win32
	EndGlobalSection
	GlobalSection(SolutionProperties) = preSolution
		HideSolutionNode = FALSE
	EndGlobalSection
	GlobalSection(ExtensibilityGlobals) = postSolution
		SolutionGuid = {65B2F320-F0F0-49D4-9C31-BD92745F7CB0}
	EndGlobalSection
EndGlobal
